// !$*UTF8*$!
{
	archiveVersion = 1;
	classes = {
	};
	objectVersion = 56;
	objects = {

/* Begin PBXBuildFile section */
		186160602959A8C60071B1B8 /* MainView.swift in Sources */ = {isa = PBXBuildFile; fileRef = 1861605F2959A8C60071B1B8 /* MainView.swift */; };
		186160632959A9370071B1B8 /* MoviesView.swift in Sources */ = {isa = PBXBuildFile; fileRef = 186160622959A9370071B1B8 /* MoviesView.swift */; };
		186160642959A9370071B1B8 /* MoviesView.swift in Sources */ = {isa = PBXBuildFile; fileRef = 186160622959A9370071B1B8 /* MoviesView.swift */; };
		18D6CD6929587D2100504BF7 /* SwiftyMovie.swift in Sources */ = {isa = PBXBuildFile; fileRef = 18D6CD6829587D2100504BF7 /* SwiftyMovie.swift */; };
		18D6CD6B29587D2100504BF7 /* SingleMovieView.swift in Sources */ = {isa = PBXBuildFile; fileRef = 18D6CD6A29587D2100504BF7 /* SingleMovieView.swift */; };
		18D6CD6D29587D2500504BF7 /* Assets.xcassets in Resources */ = {isa = PBXBuildFile; fileRef = 18D6CD6C29587D2500504BF7 /* Assets.xcassets */; };
		18D6CD7029587D2500504BF7 /* Preview Assets.xcassets in Resources */ = {isa = PBXBuildFile; fileRef = 18D6CD6F29587D2500504BF7 /* Preview Assets.xcassets */; };
		18D6CD772958890200504BF7 /* MovieModel.swift in Sources */ = {isa = PBXBuildFile; fileRef = 18D6CD762958890200504BF7 /* MovieModel.swift */; };
		18D6CD7D29588B0600504BF7 /* Movies.json in Resources */ = {isa = PBXBuildFile; fileRef = 18D6CD7C29588B0600504BF7 /* Movies.json */; };
		18D6CD7F29588C6400504BF7 /* TestData.swift in Sources */ = {isa = PBXBuildFile; fileRef = 18D6CD7E29588C6400504BF7 /* TestData.swift */; };
		18D6CD812958903500504BF7 /* MovieListView.swift in Sources */ = {isa = PBXBuildFile; fileRef = 18D6CD802958903500504BF7 /* MovieListView.swift */; };
		18D6CD8329589E5E00504BF7 /* HeartView.swift in Sources */ = {isa = PBXBuildFile; fileRef = 18D6CD8229589E5D00504BF7 /* HeartView.swift */; };
		18D6CD852958D1D200504BF7 /* MainDetailView.swift in Sources */ = {isa = PBXBuildFile; fileRef = 18D6CD842958D1D200504BF7 /* MainDetailView.swift */; };
/* End PBXBuildFile section */

/* Begin PBXFileReference section */
		1861605F2959A8C60071B1B8 /* MainView.swift */ = {isa = PBXFileReference; lastKnownFileType = sourcecode.swift; path = MainView.swift; sourceTree = "<group>"; };
		186160622959A9370071B1B8 /* MoviesView.swift */ = {isa = PBXFileReference; lastKnownFileType = sourcecode.swift; path = MoviesView.swift; sourceTree = "<group>"; };
		18CA4A212959376400105CA9 /* SwiftyMovie.app */ = {isa = PBXFileReference; explicitFileType = wrapper.application; includeInIndex = 0; path = SwiftyMovie.app; sourceTree = BUILT_PRODUCTS_DIR; };
		18D6CD6529587D2000504BF7 /* SwiftyMovie.app */ = {isa = PBXFileReference; explicitFileType = wrapper.application; includeInIndex = 0; path = SwiftyMovie.app; sourceTree = BUILT_PRODUCTS_DIR; };
		18D6CD6829587D2100504BF7 /* SwiftyMovie.swift */ = {isa = PBXFileReference; lastKnownFileType = sourcecode.swift; path = SwiftyMovie.swift; sourceTree = "<group>"; };
		18D6CD6A29587D2100504BF7 /* SingleMovieView.swift */ = {isa = PBXFileReference; lastKnownFileType = sourcecode.swift; path = SingleMovieView.swift; sourceTree = "<group>"; };
		18D6CD6C29587D2500504BF7 /* Assets.xcassets */ = {isa = PBXFileReference; lastKnownFileType = folder.assetcatalog; path = Assets.xcassets; sourceTree = "<group>"; };
		18D6CD6F29587D2500504BF7 /* Preview Assets.xcassets */ = {isa = PBXFileReference; lastKnownFileType = folder.assetcatalog; path = "Preview Assets.xcassets"; sourceTree = "<group>"; };
		18D6CD762958890200504BF7 /* MovieModel.swift */ = {isa = PBXFileReference; lastKnownFileType = sourcecode.swift; path = MovieModel.swift; sourceTree = "<group>"; };
		18D6CD7C29588B0600504BF7 /* Movies.json */ = {isa = PBXFileReference; lastKnownFileType = text.json; path = Movies.json; sourceTree = "<group>"; };
		18D6CD7E29588C6400504BF7 /* TestData.swift */ = {isa = PBXFileReference; lastKnownFileType = sourcecode.swift; path = TestData.swift; sourceTree = "<group>"; };
		18D6CD802958903500504BF7 /* MovieListView.swift */ = {isa = PBXFileReference; lastKnownFileType = sourcecode.swift; path = MovieListView.swift; sourceTree = "<group>"; };
		18D6CD8229589E5D00504BF7 /* HeartView.swift */ = {isa = PBXFileReference; lastKnownFileType = sourcecode.swift; path = HeartView.swift; sourceTree = "<group>"; };
		18D6CD842958D1D200504BF7 /* MainDetailView.swift */ = {isa = PBXFileReference; lastKnownFileType = sourcecode.swift; path = MainDetailView.swift; sourceTree = "<group>"; };
/* End PBXFileReference section */

/* Begin PBXFrameworksBuildPhase section */
		18CA4A1E2959376300105CA9 /* Frameworks */ = {
			isa = PBXFrameworksBuildPhase;
			buildActionMask = 2147483647;
			files = (
			);
			runOnlyForDeploymentPostprocessing = 0;
		};
		18D6CD6229587D2000504BF7 /* Frameworks */ = {
			isa = PBXFrameworksBuildPhase;
			buildActionMask = 2147483647;
			files = (
			);
			runOnlyForDeploymentPostprocessing = 0;
		};
/* End PBXFrameworksBuildPhase section */

/* Begin PBXGroup section */
		18D6CD5C29587D2000504BF7 = {
			isa = PBXGroup;
			children = (
				18D6CD6729587D2100504BF7 /* SwiftyMovie */,
				18D6CD6629587D2000504BF7 /* Products */,
			);
			sourceTree = "<group>";
		};
		18D6CD6629587D2000504BF7 /* Products */ = {
			isa = PBXGroup;
			children = (
				18D6CD6529587D2000504BF7 /* SwiftyMovie.app */,
				18CA4A212959376400105CA9 /* SwiftyMovie.app */,
			);
			name = Products;
			sourceTree = "<group>";
		};
		18D6CD6729587D2100504BF7 /* SwiftyMovie */ = {
			isa = PBXGroup;
			children = (
				18D6CD6829587D2100504BF7 /* SwiftyMovie.swift */,
				18D6CD6A29587D2100504BF7 /* SingleMovieView.swift */,
				18D6CD6C29587D2500504BF7 /* Assets.xcassets */,
				18D6CD6E29587D2500504BF7 /* Preview Content */,
				18D6CD762958890200504BF7 /* MovieModel.swift */,
				18D6CD7C29588B0600504BF7 /* Movies.json */,
				18D6CD7E29588C6400504BF7 /* TestData.swift */,
				18D6CD802958903500504BF7 /* MovieListView.swift */,
				18D6CD8229589E5D00504BF7 /* HeartView.swift */,
				18D6CD842958D1D200504BF7 /* MainDetailView.swift */,
				1861605F2959A8C60071B1B8 /* MainView.swift */,
				186160622959A9370071B1B8 /* MoviesView.swift */,
			);
			path = SwiftyMovie;
			sourceTree = "<group>";
		};
		18D6CD6E29587D2500504BF7 /* Preview Content */ = {
			isa = PBXGroup;
			children = (
				18D6CD6F29587D2500504BF7 /* Preview Assets.xcassets */,
			);
			path = "Preview Content";
			sourceTree = "<group>";
		};
/* End PBXGroup section */

/* Begin PBXNativeTarget section */
		18CA4A202959376300105CA9 /* SwiftyMovie */ = {
			isa = PBXNativeTarget;
			buildConfigurationList = 18CA4A2C2959376600105CA9 /* Build configuration list for PBXNativeTarget "SwiftyMovie" */;
			buildPhases = (
				18CA4A1D2959376300105CA9 /* Sources */,
				18CA4A1E2959376300105CA9 /* Frameworks */,
				18CA4A1F2959376300105CA9 /* Resources */,
			);
			buildRules = (
			);
			dependencies = (
			);
			name = SwiftyMovie;
			productName = SwiftyMovie;
			productReference = 18CA4A212959376400105CA9 /* SwiftyMovie.app */;
			productType = "com.apple.product-type.application";
		};
		18D6CD6429587D2000504BF7 /* SwiftyMovie */ = {
			isa = PBXNativeTarget;
			buildConfigurationList = 18D6CD7329587D2500504BF7 /* Build configuration list for PBXNativeTarget "SwiftyMovie" */;
			buildPhases = (
				18D6CD6129587D2000504BF7 /* Sources */,
				18D6CD6229587D2000504BF7 /* Frameworks */,
				18D6CD6329587D2000504BF7 /* Resources */,
			);
			buildRules = (
			);
			dependencies = (
			);
			name = SwiftyMovie;
			productName = SwiftyMovie;
			productReference = 18D6CD6529587D2000504BF7 /* SwiftyMovie.app */;
			productType = "com.apple.product-type.application";
		};
/* End PBXNativeTarget section */

/* Begin PBXProject section */
		18D6CD5D29587D2000504BF7 /* Project object */ = {
			isa = PBXProject;
			attributes = {
				BuildIndependentTargetsInParallel = 1;
				LastSwiftUpdateCheck = 1400;
				LastUpgradeCheck = 1400;
				TargetAttributes = {
					18CA4A202959376300105CA9 = {
						CreatedOnToolsVersion = 14.0.1;
						LastSwiftMigration = 1400;
					};
					18D6CD6429587D2000504BF7 = {
						CreatedOnToolsVersion = 14.0.1;
					};
				};
			};
			buildConfigurationList = 18D6CD6029587D2000504BF7 /* Build configuration list for PBXProject "SwiftyMovie" */;
			compatibilityVersion = "Xcode 14.0";
			developmentRegion = en;
			hasScannedForEncodings = 0;
			knownRegions = (
				en,
				Base,
			);
			mainGroup = 18D6CD5C29587D2000504BF7;
			productRefGroup = 18D6CD6629587D2000504BF7 /* Products */;
			projectDirPath = "";
			projectRoot = "";
			targets = (
				18D6CD6429587D2000504BF7 /* SwiftyMovie */,
				18CA4A202959376300105CA9 /* SwiftyMovie */,
			);
		};
/* End PBXProject section */

/* Begin PBXResourcesBuildPhase section */
		18CA4A1F2959376300105CA9 /* Resources */ = {
			isa = PBXResourcesBuildPhase;
			buildActionMask = 2147483647;
			files = (
			);
			runOnlyForDeploymentPostprocessing = 0;
		};
		18D6CD6329587D2000504BF7 /* Resources */ = {
			isa = PBXResourcesBuildPhase;
			buildActionMask = 2147483647;
			files = (
				18D6CD7029587D2500504BF7 /* Preview Assets.xcassets in Resources */,
				18D6CD7D29588B0600504BF7 /* Movies.json in Resources */,
				18D6CD6D29587D2500504BF7 /* Assets.xcassets in Resources */,
			);
			runOnlyForDeploymentPostprocessing = 0;
		};
/* End PBXResourcesBuildPhase section */

/* Begin PBXSourcesBuildPhase section */
		18CA4A1D2959376300105CA9 /* Sources */ = {
			isa = PBXSourcesBuildPhase;
			buildActionMask = 2147483647;
			files = (
				186160642959A9370071B1B8 /* MoviesView.swift in Sources */,
			);
			runOnlyForDeploymentPostprocessing = 0;
		};
		18D6CD6129587D2000504BF7 /* Sources */ = {
			isa = PBXSourcesBuildPhase;
			buildActionMask = 2147483647;
			files = (
				18D6CD812958903500504BF7 /* MovieListView.swift in Sources */,
				186160602959A8C60071B1B8 /* MainView.swift in Sources */,
				18D6CD8329589E5E00504BF7 /* HeartView.swift in Sources */,
				18D6CD6B29587D2100504BF7 /* SingleMovieView.swift in Sources */,
				18D6CD852958D1D200504BF7 /* MainDetailView.swift in Sources */,
				18D6CD6929587D2100504BF7 /* SwiftyMovie.swift in Sources */,
				18D6CD772958890200504BF7 /* MovieModel.swift in Sources */,
				186160632959A9370071B1B8 /* MoviesView.swift in Sources */,
				18D6CD7F29588C6400504BF7 /* TestData.swift in Sources */,
			);
			runOnlyForDeploymentPostprocessing = 0;
		};
/* End PBXSourcesBuildPhase section */

/* Begin XCBuildConfiguration section */
		18CA4A2D2959376600105CA9 /* Debug */ = {
			isa = XCBuildConfiguration;
			buildSettings = {
				ASSETCATALOG_COMPILER_APPICON_NAME = AppIcon;
				ASSETCATALOG_COMPILER_GLOBAL_ACCENT_COLOR_NAME = AccentColor;
				CLANG_ENABLE_MODULES = YES;
				CODE_SIGN_STYLE = Automatic;
				CURRENT_PROJECT_VERSION = 1;
				DEVELOPMENT_ASSET_PATHS = "\"SwiftyMovie/Preview Content\"";
				DEVELOPMENT_TEAM = A77WGB4442;
				ENABLE_PREVIEWS = YES;
				GENERATE_INFOPLIST_FILE = YES;
				INFOPLIST_KEY_UIApplicationSceneManifest_Generation = YES;
				INFOPLIST_KEY_UIApplicationSupportsIndirectInputEvents = YES;
				INFOPLIST_KEY_UILaunchScreen_Generation = YES;
				INFOPLIST_KEY_UISupportedInterfaceOrientations_iPad = "UIInterfaceOrientationPortrait UIInterfaceOrientationPortraitUpsideDown UIInterfaceOrientationLandscapeLeft UIInterfaceOrientationLandscapeRight";
				INFOPLIST_KEY_UISupportedInterfaceOrientations_iPhone = "UIInterfaceOrientationPortrait UIInterfaceOrientationLandscapeLeft UIInterfaceOrientationLandscapeRight";
				LD_RUNPATH_SEARCH_PATHS = (
					"$(inherited)",
					"@executable_path/Frameworks",
				);
				MARKETING_VERSION = 1.0;
				PRODUCT_BUNDLE_IDENTIFIER = Nyumat.SwiftyMovie;
				PRODUCT_NAME = "$(TARGET_NAME)";
				SWIFT_EMIT_LOC_STRINGS = YES;
				SWIFT_OPTIMIZATION_LEVEL = "-Onone";
				SWIFT_VERSION = 5.0;
				TARGETED_DEVICE_FAMILY = "1,2";
			};
			name = Debug;
		};
		18CA4A2E2959376600105CA9 /* Release */ = {
			isa = XCBuildConfiguration;
			buildSettings = {
				ASSETCATALOG_COMPILER_APPICON_NAME = AppIcon;
				ASSETCATALOG_COMPILER_GLOBAL_ACCENT_COLOR_NAME = AccentColor;
				CLANG_ENABLE_MODULES = YES;
				CODE_SIGN_STYLE = Automatic;
				CURRENT_PROJECT_VERSION = 1;
				DEVELOPMENT_ASSET_PATHS = "\"SwiftyMovie/Preview Content\"";
				DEVELOPMENT_TEAM = A77WGB4442;
				ENABLE_PREVIEWS = YES;
				GENERATE_INFOPLIST_FILE = YES;
				INFOPLIST_KEY_UIApplicationSceneManifest_Generation = YES;
				INFOPLIST_KEY_UIApplicationSupportsIndirectInputEvents = YES;
				INFOPLIST_KEY_UILaunchScreen_Generation = YES;
				INFOPLIST_KEY_UISupportedInterfaceOrientations_iPad = "UIInterfaceOrientationPortrait UIInterfaceOrientationPortraitUpsideDown UIInterfaceOrientationLandscapeLeft UIInterfaceOrientationLandscapeRight";
				INFOPLIST_KEY_UISupportedInterfaceOrientations_iPhone = "UIInterfaceOrientationPortrait UIInterfaceOrientationLandscapeLeft UIInterfaceOrientationLandscapeRight";
				LD_RUNPATH_SEARCH_PATHS = (
					"$(inherited)",
					"@executable_path/Frameworks",
				);
				MARKETING_VERSION = 1.0;
				PRODUCT_BUNDLE_IDENTIFIER = Nyumat.SwiftyMovie;
				PRODUCT_NAME = "$(TARGET_NAME)";
				SWIFT_EMIT_LOC_STRINGS = YES;
				SWIFT_VERSION = 5.0;
				TARGETED_DEVICE_FAMILY = "1,2";
			};
			name = Release;
		};
		18D6CD7129587D2500504BF7 /* Debug */ = {
			isa = XCBuildConfiguration;
			buildSettings = {
				ALWAYS_SEARCH_USER_PATHS = NO;
				CLANG_ANALYZER_NONNULL = YES;
				CLANG_ANALYZER_NUMBER_OBJECT_CONVERSION = YES_AGGRESSIVE;
				CLANG_CXX_LANGUAGE_STANDARD = "gnu++20";
				CLANG_ENABLE_MODULES = YES;
				CLANG_ENABLE_OBJC_ARC = YES;
				CLANG_ENABLE_OBJC_WEAK = YES;
				CLANG_WARN_BLOCK_CAPTURE_AUTORELEASING = YES;
				CLANG_WARN_BOOL_CONVERSION = YES;
				CLANG_WARN_COMMA = YES;
				CLANG_WARN_CONSTANT_CONVERSION = YES;
				CLANG_WARN_DEPRECATED_OBJC_IMPLEMENTATIONS = YES;
				CLANG_WARN_DIRECT_OBJC_ISA_USAGE = YES_ERROR;
				CLANG_WARN_DOCUMENTATION_COMMENTS = YES;
				CLANG_WARN_EMPTY_BODY = YES;
				CLANG_WARN_ENUM_CONVERSION = YES;
				CLANG_WARN_INFINITE_RECURSION = YES;
				CLANG_WARN_INT_CONVERSION = YES;
				CLANG_WARN_NON_LITERAL_NULL_CONVERSION = YES;
				CLANG_WARN_OBJC_IMPLICIT_RETAIN_SELF = YES;
				CLANG_WARN_OBJC_LITERAL_CONVERSION = YES;
				CLANG_WARN_OBJC_ROOT_CLASS = YES_ERROR;
				CLANG_WARN_QUOTED_INCLUDE_IN_FRAMEWORK_HEADER = YES;
				CLANG_WARN_RANGE_LOOP_ANALYSIS = YES;
				CLANG_WARN_STRICT_PROTOTYPES = YES;
				CLANG_WARN_SUSPICIOUS_MOVE = YES;
				CLANG_WARN_UNGUARDED_AVAILABILITY = YES_AGGRESSIVE;
				CLANG_WARN_UNREACHABLE_CODE = YES;
				CLANG_WARN__DUPLICATE_METHOD_MATCH = YES;
				COPY_PHASE_STRIP = NO;
				DEBUG_INFORMATION_FORMAT = dwarf;
				ENABLE_STRICT_OBJC_MSGSEND = YES;
				ENABLE_TESTABILITY = YES;
				GCC_C_LANGUAGE_STANDARD = gnu11;
				GCC_DYNAMIC_NO_PIC = NO;
				GCC_NO_COMMON_BLOCKS = YES;
				GCC_OPTIMIZATION_LEVEL = 0;
				GCC_PREPROCESSOR_DEFINITIONS = (
					"DEBUG=1",
					"$(inherited)",
				);
				GCC_WARN_64_TO_32_BIT_CONVERSION = YES;
				GCC_WARN_ABOUT_RETURN_TYPE = YES_ERROR;
				GCC_WARN_UNDECLARED_SELECTOR = YES;
				GCC_WARN_UNINITIALIZED_AUTOS = YES_AGGRESSIVE;
				GCC_WARN_UNUSED_FUNCTION = YES;
				GCC_WARN_UNUSED_VARIABLE = YES;
				IPHONEOS_DEPLOYMENT_TARGET = 16.0;
				MTL_ENABLE_DEBUG_INFO = INCLUDE_SOURCE;
				MTL_FAST_MATH = YES;
				ONLY_ACTIVE_ARCH = YES;
				SDKROOT = iphoneos;
				SWIFT_ACTIVE_COMPILATION_CONDITIONS = DEBUG;
				SWIFT_OPTIMIZATION_LEVEL = "-Onone";
			};
			name = Debug;
		};
		18D6CD7229587D2500504BF7 /* Release */ = {
			isa = XCBuildConfiguration;
			buildSettings = {
				ALWAYS_SEARCH_USER_PATHS = NO;
				CLANG_ANALYZER_NONNULL = YES;
				CLANG_ANALYZER_NUMBER_OBJECT_CONVERSION = YES_AGGRESSIVE;
				CLANG_CXX_LANGUAGE_STANDARD = "gnu++20";
				CLANG_ENABLE_MODULES = YES;
				CLANG_ENABLE_OBJC_ARC = YES;
				CLANG_ENABLE_OBJC_WEAK = YES;
				CLANG_WARN_BLOCK_CAPTURE_AUTORELEASING = YES;
				CLANG_WARN_BOOL_CONVERSION = YES;
				CLANG_WARN_COMMA = YES;
				CLANG_WARN_CONSTANT_CONVERSION = YES;
				CLANG_WARN_DEPRECATED_OBJC_IMPLEMENTATIONS = YES;
				CLANG_WARN_DIRECT_OBJC_ISA_USAGE = YES_ERROR;
				CLANG_WARN_DOCUMENTATION_COMMENTS = YES;
				CLANG_WARN_EMPTY_BODY = YES;
				CLANG_WARN_ENUM_CONVERSION = YES;
				CLANG_WARN_INFINITE_RECURSION = YES;
				CLANG_WARN_INT_CONVERSION = YES;
				CLANG_WARN_NON_LITERAL_NULL_CONVERSION = YES;
				CLANG_WARN_OBJC_IMPLICIT_RETAIN_SELF = YES;
				CLANG_WARN_OBJC_LITERAL_CONVERSION = YES;
				CLANG_WARN_OBJC_ROOT_CLASS = YES_ERROR;
				CLANG_WARN_QUOTED_INCLUDE_IN_FRAMEWORK_HEADER = YES;
				CLANG_WARN_RANGE_LOOP_ANALYSIS = YES;
				CLANG_WARN_STRICT_PROTOTYPES = YES;
				CLANG_WARN_SUSPICIOUS_MOVE = YES;
				CLANG_WARN_UNGUARDED_AVAILABILITY = YES_AGGRESSIVE;
				CLANG_WARN_UNREACHABLE_CODE = YES;
				CLANG_WARN__DUPLICATE_METHOD_MATCH = YES;
				COPY_PHASE_STRIP = NO;
				DEBUG_INFORMATION_FORMAT = "dwarf-with-dsym";
				ENABLE_NS_ASSERTIONS = NO;
				ENABLE_STRICT_OBJC_MSGSEND = YES;
				GCC_C_LANGUAGE_STANDARD = gnu11;
				GCC_NO_COMMON_BLOCKS = YES;
				GCC_WARN_64_TO_32_BIT_CONVERSION = YES;
				GCC_WARN_ABOUT_RETURN_TYPE = YES_ERROR;
				GCC_WARN_UNDECLARED_SELECTOR = YES;
				GCC_WARN_UNINITIALIZED_AUTOS = YES_AGGRESSIVE;
				GCC_WARN_UNUSED_FUNCTION = YES;
				GCC_WARN_UNUSED_VARIABLE = YES;
				IPHONEOS_DEPLOYMENT_TARGET = 16.0;
				MTL_ENABLE_DEBUG_INFO = NO;
				MTL_FAST_MATH = YES;
				SDKROOT = iphoneos;
				SWIFT_COMPILATION_MODE = wholemodule;
				SWIFT_OPTIMIZATION_LEVEL = "-O";
				VALIDATE_PRODUCT = YES;
			};
			name = Release;
		};
		18D6CD7429587D2500504BF7 /* Debug */ = {
			isa = XCBuildConfiguration;
			buildSettings = {
				ASSETCATALOG_COMPILER_APPICON_NAME = AppIcon;
				ASSETCATALOG_COMPILER_GLOBAL_ACCENT_COLOR_NAME = AccentColor;
				CODE_SIGN_STYLE = Automatic;
				CURRENT_PROJECT_VERSION = 1;
				DEVELOPMENT_ASSET_PATHS = "\"SwiftyMovie/Preview Content\"";
				DEVELOPMENT_TEAM = A77WGB4442;
				DSTROOT = /tmp/SwiftyMovie.dst;
				ENABLE_PREVIEWS = YES;
				GENERATE_INFOPLIST_FILE = YES;
				INFOPLIST_KEY_UIApplicationSceneManifest_Generation = YES;
				INFOPLIST_KEY_UIApplicationSupportsIndirectInputEvents = YES;
				INFOPLIST_KEY_UILaunchScreen_Generation = YES;
				INFOPLIST_KEY_UISupportedInterfaceOrientations_iPad = "UIInterfaceOrientationPortrait UIInterfaceOrientationPortraitUpsideDown UIInterfaceOrientationLandscapeLeft UIInterfaceOrientationLandscapeRight";
				INFOPLIST_KEY_UISupportedInterfaceOrientations_iPhone = "UIInterfaceOrientationPortrait UIInterfaceOrientationLandscapeLeft UIInterfaceOrientationLandscapeRight";
				LD_RUNPATH_SEARCH_PATHS = (
					"$(inherited)",
					"@executable_path/Frameworks",
				);
				MARKETING_VERSION = 1.0;
				PRODUCT_BUNDLE_IDENTIFIER = Nyumat.SwiftyMovie;
				PRODUCT_NAME = "$(TARGET_NAME)";
				SWIFT_EMIT_LOC_STRINGS = YES;
				SWIFT_VERSION = 5.0;
				TARGETED_DEVICE_FAMILY = "1,2";
			};
			name = Debug;
		};
		18D6CD7529587D2500504BF7 /* Release */ = {
			isa = XCBuildConfiguration;
			buildSettings = {
				ASSETCATALOG_COMPILER_APPICON_NAME = AppIcon;
				ASSETCATALOG_COMPILER_GLOBAL_ACCENT_COLOR_NAME = AccentColor;
				CODE_SIGN_STYLE = Automatic;
				CURRENT_PROJECT_VERSION = 1;
				DEVELOPMENT_ASSET_PATHS = "\"SwiftyMovie/Preview Content\"";
				DEVELOPMENT_TEAM = A77WGB4442;
				DSTROOT = /tmp/SwiftyMovie.dst;
				ENABLE_PREVIEWS = YES;
				GENERATE_INFOPLIST_FILE = YES;
				INFOPLIST_KEY_UIApplicationSceneManifest_Generation = YES;
				INFOPLIST_KEY_UIApplicationSupportsIndirectInputEvents = YES;
				INFOPLIST_KEY_UILaunchScreen_Generation = YES;
				INFOPLIST_KEY_UISupportedInterfaceOrientations_iPad = "UIInterfaceOrientationPortrait UIInterfaceOrientationPortraitUpsideDown UIInterfaceOrientationLandscapeLeft UIInterfaceOrientationLandscapeRight";
				INFOPLIST_KEY_UISupportedInterfaceOrientations_iPhone = "UIInterfaceOrientationPortrait UIInterfaceOrientationLandscapeLeft UIInterfaceOrientationLandscapeRight";
				LD_RUNPATH_SEARCH_PATHS = (
					"$(inherited)",
					"@executable_path/Frameworks",
				);
				MARKETING_VERSION = 1.0;
				PRODUCT_BUNDLE_IDENTIFIER = Nyumat.SwiftyMovie;
				PRODUCT_NAME = "$(TARGET_NAME)";
				SWIFT_EMIT_LOC_STRINGS = YES;
				SWIFT_VERSION = 5.0;
				TARGETED_DEVICE_FAMILY = "1,2";
			};
			name = Release;
		};
/* End XCBuildConfiguration section */

/* Begin XCConfigurationList section */
		18CA4A2C2959376600105CA9 /* Build configuration list for PBXNativeTarget "SwiftyMovie" */ = {
			isa = XCConfigurationList;
			buildConfigurations = (
				18CA4A2D2959376600105CA9 /* Debug */,
				18CA4A2E2959376600105CA9 /* Release */,
			);
			defaultConfigurationIsVisible = 0;
			defaultConfigurationName = Release;
		};
		18D6CD6029587D2000504BF7 /* Build configuration list for PBXProject "SwiftyMovie" */ = {
			isa = XCConfigurationList;
			buildConfigurations = (
				18D6CD7129587D2500504BF7 /* Debug */,
				18D6CD7229587D2500504BF7 /* Release */,
			);
			defaultConfigurationIsVisible = 0;
			defaultConfigurationName = Release;
		};
		18D6CD7329587D2500504BF7 /* Build configuration list for PBXNativeTarget "SwiftyMovie" */ = {
			isa = XCConfigurationList;
			buildConfigurations = (
				18D6CD7429587D2500504BF7 /* Debug */,
				18D6CD7529587D2500504BF7 /* Release */,
			);
			defaultConfigurationIsVisible = 0;
			defaultConfigurationName = Release;
		};
/* End XCConfigurationList section */
	};
	rootObject = 18D6CD5D29587D2000504BF7 /* Project object */;
}
